{
    "requires": true,
    "lockfileVersion": 1,
    "dependencies": {
        "tinymce": {
            "version": "5.0.6",
            "resolved": "https://registry.npmjs.org/tinymce/-/tinymce-5.0.6.tgz",
            "integrity": "sha512-9/pcrO8awssCrbfSeNzlt2talFO4ZBCxiwWFLTrSOy5kJI4gXKGKHsZzstoyt7cbwbT1cUjLlUiDqW8IgmL6JA=="
        }
    }
}
